
Microsoft Visual Studio Solution File, Format Version 12.00
# Visual Studio Version 16
VisualStudioVersion = 16.0.31410.357
MinimumVisualStudioVersion = 10.0.40219.1
Project("{FAE04EC0-301F-11D3-BF4B-00C04F79EFBC}") = "Biblioteca.Data", "src\Biblioteca.Data\Biblioteca.Data.csproj", "{68B5E03D-F043-4C3E-9672-62FF1C38ADFB}"
EndProject
Project("{FAE04EC0-301F-11D3-BF4B-00C04F79EFBC}") = "Biblioteca.Business", "src\Biblioteca.Business\Biblioteca.Business.csproj", "{008EE2DD-6832-45F3-9261-B10FD0B9FC33}"
EndProject
Project("{FAE04EC0-301F-11D3-BF4B-00C04F79EFBC}") = "Biblioteca.API", "src\Biblioteca.API\Biblioteca.API.csproj", "{3D2CE54E-699C-4909-A3DD-4B17F43F763D}"
EndProject
Global
	GlobalSection(SolutionConfigurationPlatforms) = preSolution
		Debug|Any CPU = Debug|Any CPU
		Release|Any CPU = Release|Any CPU
	EndGlobalSection
	GlobalSection(ProjectConfigurationPlatforms) = postSolution
		{68B5E03D-F043-4C3E-9672-62FF1C38ADFB}.Debug|Any CPU.ActiveCfg = Debug|Any CPU
		{68B5E03D-F043-4C3E-9672-62FF1C38ADFB}.Debug|Any CPU.Build.0 = Debug|Any CPU
		{68B5E03D-F043-4C3E-9672-62FF1C38ADFB}.Release|Any CPU.ActiveCfg = Release|Any CPU
		{68B5E03D-F043-4C3E-9672-62FF1C38ADFB}.Release|Any CPU.Build.0 = Release|Any CPU
		{008EE2DD-6832-45F3-9261-B10FD0B9FC33}.Debug|Any CPU.ActiveCfg = Debug|Any CPU
		{008EE2DD-6832-45F3-9261-B10FD0B9FC33}.Debug|Any CPU.Build.0 = Debug|Any CPU
		{008EE2DD-6832-45F3-9261-B10FD0B9FC33}.Release|Any CPU.ActiveCfg = Release|Any CPU
		{008EE2DD-6832-45F3-9261-B10FD0B9FC33}.Release|Any CPU.Build.0 = Release|Any CPU
		{3D2CE54E-699C-4909-A3DD-4B17F43F763D}.Debug|Any CPU.ActiveCfg = Debug|Any CPU
		{3D2CE54E-699C-4909-A3DD-4B17F43F763D}.Debug|Any CPU.Build.0 = Debug|Any CPU
		{3D2CE54E-699C-4909-A3DD-4B17F43F763D}.Release|Any CPU.ActiveCfg = Release|Any CPU
		{3D2CE54E-699C-4909-A3DD-4B17F43F763D}.Release|Any CPU.Build.0 = Release|Any CPU
	EndGlobalSection
	GlobalSection(SolutionProperties) = preSolution
		HideSolutionNode = FALSE
	EndGlobalSection
	GlobalSection(ExtensibilityGlobals) = postSolution
		SolutionGuid = {5B8EEC12-5753-4D21-A39F-3E7084159A20}
	EndGlobalSection
EndGlobal
